github.com/goplus/lib v0.5.12 h1:LZ31xPTvuchVI1lqsKlCRHJIzqSFhXDjWTA1pLoaWb0=
github.com/goplus/lib v0.5.12/go.mod h1:Ucw7fZlTqrcuHgUvZHP8Oce6IwxULgASlzJxLt8E4p8=
github.com/qiniu/x v1.19.1 h1:Z6ZALlHMrZw/AImYjYnYKMXemasVdUF2o7riwm9TZTs=
github.com/qiniu/x v1.19.1/go.mod h1:Sx3Wy+0GI9OsX4a53mYj6A0o7mHJ94PUvraqGYb4EIs=
